
Microsoft Visual Studio Solution File, Format Version 12.00
# Visual Studio 15
VisualStudioVersion = 15.0.28010.2019
MinimumVisualStudioVersion = 10.0.40219.1
Project("{FAE04EC0-301F-11D3-BF4B-00C04F79EFBC}") = "EGSBD.Api", "EGSBD.Api\EGSBD.Api.csproj", "{2A211EFA-EC51-4CD3-A5AC-E0F98D0016E6}"
EndProject
Project("{FAE04EC0-301F-11D3-BF4B-00C04F79EFBC}") = "EGSBD.Models", "EGSBD.Models\EGSBD.Models.csproj", "{6A08E33A-3D9C-43A0-A23A-30888A23684A}"
EndProject
Project("{FAE04EC0-301F-11D3-BF4B-00C04F79EFBC}") = "EGSBD.Processing", "EGSBD.Processing\EGSBD.Processing.csproj", "{72652EB9-D4D7-4510-A190-EE36E293A8CD}"
EndProject
Project("{FAE04EC0-301F-11D3-BF4B-00C04F79EFBC}") = "EGSBD.Repository", "EGSBD.Repository\EGSBD.Repository.csproj", "{000422AD-3AA1-4D4A-B529-408D87BA531F}"
EndProject
Global
	GlobalSection(SolutionConfigurationPlatforms) = preSolution
		Debug|Any CPU = Debug|Any CPU
		Release|Any CPU = Release|Any CPU
	EndGlobalSection
	GlobalSection(ProjectConfigurationPlatforms) = postSolution
		{2A211EFA-EC51-4CD3-A5AC-E0F98D0016E6}.Debug|Any CPU.ActiveCfg = Debug|Any CPU
		{2A211EFA-EC51-4CD3-A5AC-E0F98D0016E6}.Debug|Any CPU.Build.0 = Debug|Any CPU
		{2A211EFA-EC51-4CD3-A5AC-E0F98D0016E6}.Release|Any CPU.ActiveCfg = Release|Any CPU
		{2A211EFA-EC51-4CD3-A5AC-E0F98D0016E6}.Release|Any CPU.Build.0 = Release|Any CPU
		{6A08E33A-3D9C-43A0-A23A-30888A23684A}.Debug|Any CPU.ActiveCfg = Debug|Any CPU
		{6A08E33A-3D9C-43A0-A23A-30888A23684A}.Debug|Any CPU.Build.0 = Debug|Any CPU
		{6A08E33A-3D9C-43A0-A23A-30888A23684A}.Release|Any CPU.ActiveCfg = Release|Any CPU
		{6A08E33A-3D9C-43A0-A23A-30888A23684A}.Release|Any CPU.Build.0 = Release|Any CPU
		{72652EB9-D4D7-4510-A190-EE36E293A8CD}.Debug|Any CPU.ActiveCfg = Debug|Any CPU
		{72652EB9-D4D7-4510-A190-EE36E293A8CD}.Debug|Any CPU.Build.0 = Debug|Any CPU
		{72652EB9-D4D7-4510-A190-EE36E293A8CD}.Release|Any CPU.ActiveCfg = Release|Any CPU
		{72652EB9-D4D7-4510-A190-EE36E293A8CD}.Release|Any CPU.Build.0 = Release|Any CPU
		{000422AD-3AA1-4D4A-B529-408D87BA531F}.Debug|Any CPU.ActiveCfg = Debug|Any CPU
		{000422AD-3AA1-4D4A-B529-408D87BA531F}.Debug|Any CPU.Build.0 = Debug|Any CPU
		{000422AD-3AA1-4D4A-B529-408D87BA531F}.Release|Any CPU.ActiveCfg = Release|Any CPU
		{000422AD-3AA1-4D4A-B529-408D87BA531F}.Release|Any CPU.Build.0 = Release|Any CPU
	EndGlobalSection
	GlobalSection(SolutionProperties) = preSolution
		HideSolutionNode = FALSE
	EndGlobalSection
	GlobalSection(ExtensibilityGlobals) = postSolution
		SolutionGuid = {218BFB17-00FC-42A4-A045-E4BA86403955}
	EndGlobalSection
EndGlobal
